// !$*UTF8*$!
{
	archiveVersion = 1;
	classes = {
	};
	objectVersion = 46;
	objects = {

/* Begin PBXBuildFile section */
		84965B5D1CD790E200C87012 /* background.png in Resources */ = {isa = PBXBuildFile; fileRef = 84965B5C1CD790E200C87012 /* background.png */; };
		84965B5F1CD7937200C87012 /* Very-Basic-Reload-icon.png in Resources */ = {isa = PBXBuildFile; fileRef = 84965B5E1CD7937200C87012 /* Very-Basic-Reload-icon.png */; };
		84965B611CD793E400C87012 /* degree-celcius.png in Resources */ = {isa = PBXBuildFile; fileRef = 84965B601CD793E400C87012 /* degree-celcius.png */; };
		84965B651CD7984900C87012 /* cloud-sun.png in Resources */ = {isa = PBXBuildFile; fileRef = 84965B621CD7984900C87012 /* cloud-sun.png */; };
		84965B661CD7984900C87012 /* cloud.png in Resources */ = {isa = PBXBuildFile; fileRef = 84965B631CD7984900C87012 /* cloud.png */; };
		84965B671CD7984900C87012 /* sun.png in Resources */ = {isa = PBXBuildFile; fileRef = 84965B641CD7984900C87012 /* sun.png */; };
		84965B691CD79F1700C87012 /* drizzle-sun.png in Resources */ = {isa = PBXBuildFile; fileRef = 84965B681CD79F1700C87012 /* drizzle-sun.png */; };
		84965B6B1CD7A03A00C87012 /* drizzle-alt.png in Resources */ = {isa = PBXBuildFile; fileRef = 84965B6A1CD7A03A00C87012 /* drizzle-alt.png */; };
		84965B6D1CD7A08400C87012 /* drizzle.png in Resources */ = {isa = PBXBuildFile; fileRef = 84965B6C1CD7A08400C87012 /* drizzle.png */; };
		84965B6F1CD7A6B600C87012 /* lightning-rain.png in Resources */ = {isa = PBXBuildFile; fileRef = 84965B6E1CD7A6B600C87012 /* lightning-rain.png */; };
		84965B711CD7A74700C87012 /* snow-alt.png in Resources */ = {isa = PBXBuildFile; fileRef = 84965B701CD7A74700C87012 /* snow-alt.png */; };
		84A345B81CF8AAFA0095F3B4 /* CoreLocation.framework in Frameworks */ = {isa = PBXBuildFile; fileRef = 84A345B71CF8AAFA0095F3B4 /* CoreLocation.framework */; };
		84B83F6D1CD6170B003832A9 /* AppDelegate.swift in Sources */ = {isa = PBXBuildFile; fileRef = 84B83F6C1CD6170B003832A9 /* AppDelegate.swift */; };
		84B83F6F1CD6170B003832A9 /* ViewController.swift in Sources */ = {isa = PBXBuildFile; fileRef = 84B83F6E1CD6170B003832A9 /* ViewController.swift */; };
		84B83F721CD6170B003832A9 /* Main.storyboard in Resources */ = {isa = PBXBuildFile; fileRef = 84B83F701CD6170B003832A9 /* Main.storyboard */; };
		84B83F751CD6170B003832A9 /* weather.xcdatamodeld in Sources */ = {isa = PBXBuildFile; fileRef = 84B83F731CD6170B003832A9 /* weather.xcdatamodeld */; };
		84B83F771CD6170B003832A9 /* Assets.xcassets in Resources */ = {isa = PBXBuildFile; fileRef = 84B83F761CD6170B003832A9 /* Assets.xcassets */; };
		84B83F7A1CD6170B003832A9 /* LaunchScreen.storyboard in Resources */ = {isa = PBXBuildFile; fileRef = 84B83F781CD6170B003832A9 /* LaunchScreen.storyboard */; };
		84F18E061CF8B70000C70388 /* haze.png in Resources */ = {isa = PBXBuildFile; fileRef = 84F18E051CF8B70000C70388 /* haze.png */; };
/* End PBXBuildFile section */

/* Begin PBXFileReference section */
		84965B5C1CD790E200C87012 /* background.png */ = {isa = PBXFileReference; lastKnownFileType = image.png; path = background.png; sourceTree = "<group>"; };
		84965B5E1CD7937200C87012 /* Very-Basic-Reload-icon.png */ = {isa = PBXFileReference; lastKnownFileType = image.png; path = "Very-Basic-Reload-icon.png"; sourceTree = "<group>"; };
		84965B601CD793E400C87012 /* degree-celcius.png */ = {isa = PBXFileReference; lastKnownFileType = image.png; path = "degree-celcius.png"; sourceTree = "<group>"; };
		84965B621CD7984900C87012 /* cloud-sun.png */ = {isa = PBXFileReference; lastKnownFileType = image.png; path = "cloud-sun.png"; sourceTree = "<group>"; };
		84965B631CD7984900C87012 /* cloud.png */ = {isa = PBXFileReference; lastKnownFileType = image.png; path = cloud.png; sourceTree = "<group>"; };
		84965B641CD7984900C87012 /* sun.png */ = {isa = PBXFileReference; lastKnownFileType = image.png; path = sun.png; sourceTree = "<group>"; };
		84965B681CD79F1700C87012 /* drizzle-sun.png */ = {isa = PBXFileReference; lastKnownFileType = image.png; path = "drizzle-sun.png"; sourceTree = "<group>"; };
		84965B6A1CD7A03A00C87012 /* drizzle-alt.png */ = {isa = PBXFileReference; lastKnownFileType = image.png; path = "drizzle-alt.png"; sourceTree = "<group>"; };
		84965B6C1CD7A08400C87012 /* drizzle.png */ = {isa = PBXFileReference; lastKnownFileType = image.png; path = drizzle.png; sourceTree = "<group>"; };
		84965B6E1CD7A6B600C87012 /* lightning-rain.png */ = {isa = PBXFileReference; lastKnownFileType = image.png; path = "lightning-rain.png"; sourceTree = "<group>"; };
		84965B701CD7A74700C87012 /* snow-alt.png */ = {isa = PBXFileReference; lastKnownFileType = image.png; path = "snow-alt.png"; sourceTree = "<group>"; };
		84A345B71CF8AAFA0095F3B4 /* CoreLocation.framework */ = {isa = PBXFileReference; lastKnownFileType = wrapper.framework; name = CoreLocation.framework; path = System/Library/Frameworks/CoreLocation.framework; sourceTree = SDKROOT; };
		84B83F691CD6170B003832A9 /* weather.app */ = {isa = PBXFileReference; explicitFileType = wrapper.application; includeInIndex = 0; path = weather.app; sourceTree = BUILT_PRODUCTS_DIR; };
		84B83F6C1CD6170B003832A9 /* AppDelegate.swift */ = {isa = PBXFileReference; lastKnownFileType = sourcecode.swift; path = AppDelegate.swift; sourceTree = "<group>"; };
		84B83F6E1CD6170B003832A9 /* ViewController.swift */ = {isa = PBXFileReference; lastKnownFileType = sourcecode.swift; path = ViewController.swift; sourceTree = "<group>"; };
		84B83F711CD6170B003832A9 /* Base */ = {isa = PBXFileReference; lastKnownFileType = file.storyboard; name = Base; path = Base.lproj/Main.storyboard; sourceTree = "<group>"; };
		84B83F741CD6170B003832A9 /* weather.xcdatamodel */ = {isa = PBXFileReference; lastKnownFileType = wrapper.xcdatamodel; path = weather.xcdatamodel; sourceTree = "<group>"; };
		84B83F761CD6170B003832A9 /* Assets.xcassets */ = {isa = PBXFileReference; lastKnownFileType = folder.assetcatalog; path = Assets.xcassets; sourceTree = "<group>"; };
		84B83F791CD6170B003832A9 /* Base */ = {isa = PBXFileReference; lastKnownFileType = file.storyboard; name = Base; path = Base.lproj/LaunchScreen.storyboard; sourceTree = "<group>"; };
		84B83F7B1CD6170B003832A9 /* Info.plist */ = {isa = PBXFileReference; lastKnownFileType = text.plist.xml; path = Info.plist; sourceTree = "<group>"; };
		84F18E051CF8B70000C70388 /* haze.png */ = {isa = PBXFileReference; lastKnownFileType = image.png; name = haze.png; path = "../../../../Volumes/VMware Shared Folders/share/haze.png"; sourceTree = "<group>"; };
/* End PBXFileReference section */

/* Begin PBXFrameworksBuildPhase section */
		84B83F661CD6170B003832A9 /* Frameworks */ = {
			isa = PBXFrameworksBuildPhase;
			buildActionMask = 2147483647;
			files = (
				84A345B81CF8AAFA0095F3B4 /* CoreLocation.framework in Frameworks */,
			);
			runOnlyForDeploymentPostprocessing = 0;
		};
/* End PBXFrameworksBuildPhase section */

/* Begin PBXGroup section */
		84B83F601CD6170B003832A9 = {
			isa = PBXGroup;
			children = (
				84A345B71CF8AAFA0095F3B4 /* CoreLocation.framework */,
				84B83F6B1CD6170B003832A9 /* weather */,
				84B83F6A1CD6170B003832A9 /* Products */,
			);
			sourceTree = "<group>";
		};
		84B83F6A1CD6170B003832A9 /* Products */ = {
			isa = PBXGroup;
			children = (
				84B83F691CD6170B003832A9 /* weather.app */,
			);
			name = Products;
			sourceTree = "<group>";
		};
		84B83F6B1CD6170B003832A9 /* weather */ = {
			isa = PBXGroup;
			children = (
				84B83F6C1CD6170B003832A9 /* AppDelegate.swift */,
				84B83F6E1CD6170B003832A9 /* ViewController.swift */,
				84B83F701CD6170B003832A9 /* Main.storyboard */,
				84B83F761CD6170B003832A9 /* Assets.xcassets */,
				84B83F781CD6170B003832A9 /* LaunchScreen.storyboard */,
				84965B601CD793E400C87012 /* degree-celcius.png */,
				84B83F7B1CD6170B003832A9 /* Info.plist */,
				84965B5E1CD7937200C87012 /* Very-Basic-Reload-icon.png */,
				84965B621CD7984900C87012 /* cloud-sun.png */,
				84965B681CD79F1700C87012 /* drizzle-sun.png */,
				84965B631CD7984900C87012 /* cloud.png */,
				84965B6A1CD7A03A00C87012 /* drizzle-alt.png */,
				84F18E051CF8B70000C70388 /* haze.png */,
				84965B641CD7984900C87012 /* sun.png */,
				84965B6C1CD7A08400C87012 /* drizzle.png */,
				84965B6E1CD7A6B600C87012 /* lightning-rain.png */,
				84965B5C1CD790E200C87012 /* background.png */,
				84965B701CD7A74700C87012 /* snow-alt.png */,
				84B83F731CD6170B003832A9 /* weather.xcdatamodeld */,
			);
			path = weather;
			sourceTree = "<group>";
		};
/* End PBXGroup section */

/* Begin PBXNativeTarget section */
		84B83F681CD6170B003832A9 /* weather */ = {
			isa = PBXNativeTarget;
			buildConfigurationList = 84B83F7E1CD6170B003832A9 /* Build configuration list for PBXNativeTarget "weather" */;
			buildPhases = (
				84B83F651CD6170B003832A9 /* Sources */,
				84B83F661CD6170B003832A9 /* Frameworks */,
				84B83F671CD6170B003832A9 /* Resources */,
			);
			buildRules = (
			);
			dependencies = (
			);
			name = weather;
			productName = weather;
			productReference = 84B83F691CD6170B003832A9 /* weather.app */;
			productType = "com.apple.product-type.application";
		};
/* End PBXNativeTarget section */

/* Begin PBXProject section */
		84B83F611CD6170B003832A9 /* Project object */ = {
			isa = PBXProject;
			attributes = {
				LastSwiftUpdateCheck = 0720;
				LastUpgradeCheck = 0720;
				ORGANIZATIONNAME = Admin;
				TargetAttributes = {
					84B83F681CD6170B003832A9 = {
						CreatedOnToolsVersion = 7.2.1;
					};
				};
			};
			buildConfigurationList = 84B83F641CD6170B003832A9 /* Build configuration list for PBXProject "weather" */;
			compatibilityVersion = "Xcode 3.2";
			developmentRegion = English;
			hasScannedForEncodings = 0;
			knownRegions = (
				en,
				Base,
			);
			mainGroup = 84B83F601CD6170B003832A9;
			productRefGroup = 84B83F6A1CD6170B003832A9 /* Products */;
			projectDirPath = "";
			projectRoot = "";
			targets = (
				84B83F681CD6170B003832A9 /* weather */,
			);
		};
/* End PBXProject section */

/* Begin PBXResourcesBuildPhase section */
		84B83F671CD6170B003832A9 /* Resources */ = {
			isa = PBXResourcesBuildPhase;
			buildActionMask = 2147483647;
			files = (
				84965B5F1CD7937200C87012 /* Very-Basic-Reload-icon.png in Resources */,
				84965B5D1CD790E200C87012 /* background.png in Resources */,
				84965B611CD793E400C87012 /* degree-celcius.png in Resources */,
				84965B691CD79F1700C87012 /* drizzle-sun.png in Resources */,
				84965B6B1CD7A03A00C87012 /* drizzle-alt.png in Resources */,
				84965B661CD7984900C87012 /* cloud.png in Resources */,
				84965B6F1CD7A6B600C87012 /* lightning-rain.png in Resources */,
				84965B6D1CD7A08400C87012 /* drizzle.png in Resources */,
				84965B711CD7A74700C87012 /* snow-alt.png in Resources */,
				84B83F7A1CD6170B003832A9 /* LaunchScreen.storyboard in Resources */,
				84B83F771CD6170B003832A9 /* Assets.xcassets in Resources */,
				84F18E061CF8B70000C70388 /* haze.png in Resources */,
				84965B671CD7984900C87012 /* sun.png in Resources */,
				84B83F721CD6170B003832A9 /* Main.storyboard in Resources */,
				84965B651CD7984900C87012 /* cloud-sun.png in Resources */,
			);
			runOnlyForDeploymentPostprocessing = 0;
		};
/* End PBXResourcesBuildPhase section */

/* Begin PBXSourcesBuildPhase section */
		84B83F651CD6170B003832A9 /* Sources */ = {
			isa = PBXSourcesBuildPhase;
			buildActionMask = 2147483647;
			files = (
				84B83F751CD6170B003832A9 /* weather.xcdatamodeld in Sources */,
				84B83F6F1CD6170B003832A9 /* ViewController.swift in Sources */,
				84B83F6D1CD6170B003832A9 /* AppDelegate.swift in Sources */,
			);
			runOnlyForDeploymentPostprocessing = 0;
		};
/* End PBXSourcesBuildPhase section */

/* Begin PBXVariantGroup section */
		84B83F701CD6170B003832A9 /* Main.storyboard */ = {
			isa = PBXVariantGroup;
			children = (
				84B83F711CD6170B003832A9 /* Base */,
			);
			name = Main.storyboard;
			sourceTree = "<group>";
		};
		84B83F781CD6170B003832A9 /* LaunchScreen.storyboard */ = {
			isa = PBXVariantGroup;
			children = (
				84B83F791CD6170B003832A9 /* Base */,
			);
			name = LaunchScreen.storyboard;
			sourceTree = "<group>";
		};
/* End PBXVariantGroup section */

/* Begin XCBuildConfiguration section */
		84B83F7C1CD6170B003832A9 /* Debug */ = {
			isa = XCBuildConfiguration;
			buildSettings = {
				ALWAYS_SEARCH_USER_PATHS = NO;
				CLANG_CXX_LANGUAGE_STANDARD = "gnu++0x";
				CLANG_CXX_LIBRARY = "libc++";
				CLANG_ENABLE_MODULES = YES;
				CLANG_ENABLE_OBJC_ARC = YES;
				CLANG_WARN_BOOL_CONVERSION = YES;
				CLANG_WARN_CONSTANT_CONVERSION = YES;
				CLANG_WARN_DIRECT_OBJC_ISA_USAGE = YES_ERROR;
				CLANG_WARN_EMPTY_BODY = YES;
				CLANG_WARN_ENUM_CONVERSION = YES;
				CLANG_WARN_INT_CONVERSION = YES;
				CLANG_WARN_OBJC_ROOT_CLASS = YES_ERROR;
				CLANG_WARN_UNREACHABLE_CODE = YES;
				CLANG_WARN__DUPLICATE_METHOD_MATCH = YES;
				"CODE_SIGN_IDENTITY[sdk=iphoneos*]" = "iPhone Developer";
				COPY_PHASE_STRIP = NO;
				DEBUG_INFORMATION_FORMAT = dwarf;
				ENABLE_STRICT_OBJC_MSGSEND = YES;
				ENABLE_TESTABILITY = YES;
				GCC_C_LANGUAGE_STANDARD = gnu99;
				GCC_DYNAMIC_NO_PIC = NO;
				GCC_NO_COMMON_BLOCKS = YES;
				GCC_OPTIMIZATION_LEVEL = 0;
				GCC_PREPROCESSOR_DEFINITIONS = (
					"DEBUG=1",
					"$(inherited)",
				);
				GCC_WARN_64_TO_32_BIT_CONVERSION = YES;
				GCC_WARN_ABOUT_RETURN_TYPE = YES_ERROR;
				GCC_WARN_UNDECLARED_SELECTOR = YES;
				GCC_WARN_UNINITIALIZED_AUTOS = YES_AGGRESSIVE;
				GCC_WARN_UNUSED_FUNCTION = YES;
				GCC_WARN_UNUSED_VARIABLE = YES;
				IPHONEOS_DEPLOYMENT_TARGET = 9.2;
				MTL_ENABLE_DEBUG_INFO = YES;
				ONLY_ACTIVE_ARCH = YES;
				SDKROOT = iphoneos;
				SWIFT_OPTIMIZATION_LEVEL = "-Onone";
			};
			name = Debug;
		};
		84B83F7D1CD6170B003832A9 /* Release */ = {
			isa = XCBuildConfiguration;
			buildSettings = {
				ALWAYS_SEARCH_USER_PATHS = NO;
				CLANG_CXX_LANGUAGE_STANDARD = "gnu++0x";
				CLANG_CXX_LIBRARY = "libc++";
				CLANG_ENABLE_MODULES = YES;
				CLANG_ENABLE_OBJC_ARC = YES;
				CLANG_WARN_BOOL_CONVERSION = YES;
				CLANG_WARN_CONSTANT_CONVERSION = YES;
				CLANG_WARN_DIRECT_OBJC_ISA_USAGE = YES_ERROR;
				CLANG_WARN_EMPTY_BODY = YES;
				CLANG_WARN_ENUM_CONVERSION = YES;
				CLANG_WARN_INT_CONVERSION = YES;
				CLANG_WARN_OBJC_ROOT_CLASS = YES_ERROR;
				CLANG_WARN_UNREACHABLE_CODE = YES;
				CLANG_WARN__DUPLICATE_METHOD_MATCH = YES;
				"CODE_SIGN_IDENTITY[sdk=iphoneos*]" = "iPhone Developer";
				COPY_PHASE_STRIP = NO;
				DEBUG_INFORMATION_FORMAT = "dwarf-with-dsym";
				ENABLE_NS_ASSERTIONS = NO;
				ENABLE_STRICT_OBJC_MSGSEND = YES;
				GCC_C_LANGUAGE_STANDARD = gnu99;
				GCC_NO_COMMON_BLOCKS = YES;
				GCC_WARN_64_TO_32_BIT_CONVERSION = YES;
				GCC_WARN_ABOUT_RETURN_TYPE = YES_ERROR;
				GCC_WARN_UNDECLARED_SELECTOR = YES;
				GCC_WARN_UNINITIALIZED_AUTOS = YES_AGGRESSIVE;
				GCC_WARN_UNUSED_FUNCTION = YES;
				GCC_WARN_UNUSED_VARIABLE = YES;
				IPHONEOS_DEPLOYMENT_TARGET = 9.2;
				MTL_ENABLE_DEBUG_INFO = NO;
				SDKROOT = iphoneos;
				VALIDATE_PRODUCT = YES;
			};
			name = Release;
		};
		84B83F7F1CD6170B003832A9 /* Debug */ = {
			isa = XCBuildConfiguration;
			buildSettings = {
				ASSETCATALOG_COMPILER_APPICON_NAME = AppIcon;
				INFOPLIST_FILE = weather/Info.plist;
				LD_RUNPATH_SEARCH_PATHS = "$(inherited) @executable_path/Frameworks";
				PRODUCT_BUNDLE_IDENTIFIER = com.boni.weather;
				PRODUCT_NAME = "$(TARGET_NAME)";
				TARGETED_DEVICE_FAMILY = 1;
			};
			name = Debug;
		};
		84B83F801CD6170B003832A9 /* Release */ = {
			isa = XCBuildConfiguration;
			buildSettings = {
				ASSETCATALOG_COMPILER_APPICON_NAME = AppIcon;
				INFOPLIST_FILE = weather/Info.plist;
				LD_RUNPATH_SEARCH_PATHS = "$(inherited) @executable_path/Frameworks";
				PRODUCT_BUNDLE_IDENTIFIER = com.boni.weather;
				PRODUCT_NAME = "$(TARGET_NAME)";
				TARGETED_DEVICE_FAMILY = 1;
			};
			name = Release;
		};
/* End XCBuildConfiguration section */

/* Begin XCConfigurationList section */
		84B83F641CD6170B003832A9 /* Build configuration list for PBXProject "weather" */ = {
			isa = XCConfigurationList;
			buildConfigurations = (
				84B83F7C1CD6170B003832A9 /* Debug */,
				84B83F7D1CD6170B003832A9 /* Release */,
			);
			defaultConfigurationIsVisible = 0;
			defaultConfigurationName = Release;
		};
		84B83F7E1CD6170B003832A9 /* Build configuration list for PBXNativeTarget "weather" */ = {
			isa = XCConfigurationList;
			buildConfigurations = (
				84B83F7F1CD6170B003832A9 /* Debug */,
				84B83F801CD6170B003832A9 /* Release */,
			);
			defaultConfigurationIsVisible = 0;
			defaultConfigurationName = Release;
		};
/* End XCConfigurationList section */

/* Begin XCVersionGroup section */
		84B83F731CD6170B003832A9 /* weather.xcdatamodeld */ = {
			isa = XCVersionGroup;
			children = (
				84B83F741CD6170B003832A9 /* weather.xcdatamodel */,
			);
			currentVersion = 84B83F741CD6170B003832A9 /* weather.xcdatamodel */;
			path = weather.xcdatamodeld;
			sourceTree = "<group>";
			versionGroupType = wrapper.xcdatamodel;
		};
/* End XCVersionGroup section */
	};
	rootObject = 84B83F611CD6170B003832A9 /* Project object */;
}
